// !$*UTF8*$!
{
	archiveVersion = 1;
	classes = {
	};
	objectVersion = 46;
	objects = {

/* Begin PBXBuildFile section */
		7A085B031D4A50D200F5A583 /* Settings.bundle in Resources */ = {isa = PBXBuildFile; fileRef = 7A085B021D4A50D200F5A583 /* Settings.bundle */; };
		7A0E3FB21D4A0F320017A100 /* AppDelegate.swift in Sources */ = {isa = PBXBuildFile; fileRef = 7A0E3FB11D4A0F320017A100 /* AppDelegate.swift */; };
		7A0E3FB41D4A0F320017A100 /* ViewController.swift in Sources */ = {isa = PBXBuildFile; fileRef = 7A0E3FB31D4A0F320017A100 /* ViewController.swift */; };
		7A0E3FB71D4A0F320017A100 /* Main.storyboard in Resources */ = {isa = PBXBuildFile; fileRef = 7A0E3FB51D4A0F320017A100 /* Main.storyboard */; };
		7A0E3FB91D4A0F320017A100 /* Assets.xcassets in Resources */ = {isa = PBXBuildFile; fileRef = 7A0E3FB81D4A0F320017A100 /* Assets.xcassets */; };
		7A0E3FBC1D4A0F320017A100 /* LaunchScreen.storyboard in Resources */ = {isa = PBXBuildFile; fileRef = 7A0E3FBA1D4A0F320017A100 /* LaunchScreen.storyboard */; };
		7A97484F1D4B78050071EFC2 /* GameController.framework in Frameworks */ = {isa = PBXBuildFile; fileRef = 7A97484E1D4B78050071EFC2 /* GameController.framework */; };
/* End PBXBuildFile section */

/* Begin PBXContainerItemProxy section */
		7A0E3FC31D4A0F320017A100 /* PBXContainerItemProxy */ = {
			isa = PBXContainerItemProxy;
			containerPortal = 7A0E3FA61D4A0F320017A100 /* Project object */;
			proxyType = 1;
			remoteGlobalIDString = 7A0E3FAD1D4A0F320017A100;
			remoteInfo = LBA2;
		};
		7A0E3FCE1D4A0F320017A100 /* PBXContainerItemProxy */ = {
			isa = PBXContainerItemProxy;
			containerPortal = 7A0E3FA61D4A0F320017A100 /* Project object */;
			proxyType = 1;
			remoteGlobalIDString = 7A0E3FAD1D4A0F320017A100;
			remoteInfo = LBA2;
		};
/* End PBXContainerItemProxy section */

/* Begin PBXFileReference section */
		7A085B021D4A50D200F5A583 /* Settings.bundle */ = {isa = PBXFileReference; lastKnownFileType = "wrapper.plug-in"; path = Settings.bundle; sourceTree = "<group>"; };
		7A0E3FAE1D4A0F320017A100 /* LBA2.app */ = {isa = PBXFileReference; explicitFileType = wrapper.application; includeInIndex = 0; path = LBA2.app; sourceTree = BUILT_PRODUCTS_DIR; };
		7A0E3FB11D4A0F320017A100 /* AppDelegate.swift */ = {isa = PBXFileReference; lastKnownFileType = sourcecode.swift; path = AppDelegate.swift; sourceTree = "<group>"; };
		7A0E3FB31D4A0F320017A100 /* ViewController.swift */ = {isa = PBXFileReference; lastKnownFileType = sourcecode.swift; path = ViewController.swift; sourceTree = "<group>"; };
		7A0E3FB61D4A0F320017A100 /* Base */ = {isa = PBXFileReference; lastKnownFileType = file.storyboard; name = Base; path = Base.lproj/Main.storyboard; sourceTree = "<group>"; };
		7A0E3FB81D4A0F320017A100 /* Assets.xcassets */ = {isa = PBXFileReference; lastKnownFileType = folder.assetcatalog; path = Assets.xcassets; sourceTree = "<group>"; };
		7A0E3FBB1D4A0F320017A100 /* Base */ = {isa = PBXFileReference; lastKnownFileType = file.storyboard; name = Base; path = Base.lproj/LaunchScreen.storyboard; sourceTree = "<group>"; };
		7A0E3FBD1D4A0F320017A100 /* Info.plist */ = {isa = PBXFileReference; lastKnownFileType = text.plist.xml; path = Info.plist; sourceTree = "<group>"; };
		7A0E3FC21D4A0F320017A100 /* LBA2Tests.xctest */ = {isa = PBXFileReference; explicitFileType = wrapper.cfbundle; includeInIndex = 0; path = LBA2Tests.xctest; sourceTree = BUILT_PRODUCTS_DIR; };
		7A0E3FCD1D4A0F320017A100 /* LBA2UITests.xctest */ = {isa = PBXFileReference; explicitFileType = wrapper.cfbundle; includeInIndex = 0; path = LBA2UITests.xctest; sourceTree = BUILT_PRODUCTS_DIR; };
		7A4857D21D4B71B400A7D684 /* LBA2.entitlements */ = {isa = PBXFileReference; lastKnownFileType = text.plist.entitlements; path = LBA2.entitlements; sourceTree = "<group>"; };
		7A97484E1D4B78050071EFC2 /* GameController.framework */ = {isa = PBXFileReference; lastKnownFileType = wrapper.framework; name = GameController.framework; path = System/Library/Frameworks/GameController.framework; sourceTree = SDKROOT; };
/* End PBXFileReference section */

/* Begin PBXFrameworksBuildPhase section */
		7A0E3FAB1D4A0F320017A100 /* Frameworks */ = {
			isa = PBXFrameworksBuildPhase;
			buildActionMask = 2147483647;
			files = (
				7A97484F1D4B78050071EFC2 /* GameController.framework in Frameworks */,
			);
			runOnlyForDeploymentPostprocessing = 0;
		};
		7A0E3FBF1D4A0F320017A100 /* Frameworks */ = {
			isa = PBXFrameworksBuildPhase;
			buildActionMask = 2147483647;
			files = (
			);
			runOnlyForDeploymentPostprocessing = 0;
		};
		7A0E3FCA1D4A0F320017A100 /* Frameworks */ = {
			isa = PBXFrameworksBuildPhase;
			buildActionMask = 2147483647;
			files = (
			);
			runOnlyForDeploymentPostprocessing = 0;
		};
/* End PBXFrameworksBuildPhase section */

/* Begin PBXGroup section */
		7A0E3FA51D4A0F320017A100 = {
			isa = PBXGroup;
			children = (
				7A0E3FB01D4A0F320017A100 /* LBA2 */,
				7A0E3FAF1D4A0F320017A100 /* Products */,
				7A4857CF1D4B71B300A7D684 /* Frameworks */,
			);
			sourceTree = "<group>";
		};
		7A0E3FAF1D4A0F320017A100 /* Products */ = {
			isa = PBXGroup;
			children = (
				7A0E3FAE1D4A0F320017A100 /* LBA2.app */,
				7A0E3FC21D4A0F320017A100 /* LBA2Tests.xctest */,
				7A0E3FCD1D4A0F320017A100 /* LBA2UITests.xctest */,
			);
			name = Products;
			sourceTree = "<group>";
		};
		7A0E3FB01D4A0F320017A100 /* LBA2 */ = {
			isa = PBXGroup;
			children = (
				7A4857D21D4B71B400A7D684 /* LBA2.entitlements */,
				7A0E3FB11D4A0F320017A100 /* AppDelegate.swift */,
				7A0E3FB31D4A0F320017A100 /* ViewController.swift */,
				7A0E3FB51D4A0F320017A100 /* Main.storyboard */,
				7A0E3FB81D4A0F320017A100 /* Assets.xcassets */,
				7A0E3FBA1D4A0F320017A100 /* LaunchScreen.storyboard */,
				7A0E3FBD1D4A0F320017A100 /* Info.plist */,
				7A085B021D4A50D200F5A583 /* Settings.bundle */,
			);
			path = LBA2;
			sourceTree = "<group>";
		};
		7A4857CF1D4B71B300A7D684 /* Frameworks */ = {
			isa = PBXGroup;
			children = (
				7A97484E1D4B78050071EFC2 /* GameController.framework */,
			);
			name = Frameworks;
			sourceTree = "<group>";
		};
/* End PBXGroup section */

/* Begin PBXNativeTarget section */
		7A0E3FAD1D4A0F320017A100 /* LBA2 */ = {
			isa = PBXNativeTarget;
			buildConfigurationList = 7A0E3FD61D4A0F320017A100 /* Build configuration list for PBXNativeTarget "LBA2" */;
			buildPhases = (
				7A0E3FAA1D4A0F320017A100 /* Sources */,
				7A0E3FAB1D4A0F320017A100 /* Frameworks */,
				7A0E3FAC1D4A0F320017A100 /* Resources */,
			);
			buildRules = (
			);
			dependencies = (
			);
			name = LBA2;
			productName = LBA2;
			productReference = 7A0E3FAE1D4A0F320017A100 /* LBA2.app */;
			productType = "com.apple.product-type.application";
		};
		7A0E3FC11D4A0F320017A100 /* LBA2Tests */ = {
			isa = PBXNativeTarget;
			buildConfigurationList = 7A0E3FD91D4A0F320017A100 /* Build configuration list for PBXNativeTarget "LBA2Tests" */;
			buildPhases = (
				7A0E3FBE1D4A0F320017A100 /* Sources */,
				7A0E3FBF1D4A0F320017A100 /* Frameworks */,
				7A0E3FC01D4A0F320017A100 /* Resources */,
			);
			buildRules = (
			);
			dependencies = (
				7A0E3FC41D4A0F320017A100 /* PBXTargetDependency */,
			);
			name = LBA2Tests;
			productName = LBA2Tests;
			productReference = 7A0E3FC21D4A0F320017A100 /* LBA2Tests.xctest */;
			productType = "com.apple.product-type.bundle.unit-test";
		};
		7A0E3FCC1D4A0F320017A100 /* LBA2UITests */ = {
			isa = PBXNativeTarget;
			buildConfigurationList = 7A0E3FDC1D4A0F320017A100 /* Build configuration list for PBXNativeTarget "LBA2UITests" */;
			buildPhases = (
				7A0E3FC91D4A0F320017A100 /* Sources */,
				7A0E3FCA1D4A0F320017A100 /* Frameworks */,
				7A0E3FCB1D4A0F320017A100 /* Resources */,
			);
			buildRules = (
			);
			dependencies = (
				7A0E3FCF1D4A0F320017A100 /* PBXTargetDependency */,
			);
			name = LBA2UITests;
			productName = LBA2UITests;
			productReference = 7A0E3FCD1D4A0F320017A100 /* LBA2UITests.xctest */;
			productType = "com.apple.product-type.bundle.ui-testing";
		};
/* End PBXNativeTarget section */

/* Begin PBXProject section */
		7A0E3FA61D4A0F320017A100 /* Project object */ = {
			isa = PBXProject;
			attributes = {
				LastSwiftUpdateCheck = 0800;
				LastUpgradeCheck = 0800;
				ORGANIZATIONNAME = "Adrien Grandemange";
				TargetAttributes = {
					7A0E3FAD1D4A0F320017A100 = {
						CreatedOnToolsVersion = 8.0;
						DevelopmentTeam = 5VCQ234QK3;
						DevelopmentTeamName = "Adrien Grandemange (Personal Team)";
						ProvisioningStyle = Automatic;
						SystemCapabilities = {
							com.apple.WAC = {
								enabled = 0;
							};
						};
					};
					7A0E3FC11D4A0F320017A100 = {
						CreatedOnToolsVersion = 8.0;
						DevelopmentTeam = 5VCQ234QK3;
						DevelopmentTeamName = "Adrien Grandemange (Personal Team)";
						ProvisioningStyle = Automatic;
						TestTargetID = 7A0E3FAD1D4A0F320017A100;
					};
					7A0E3FCC1D4A0F320017A100 = {
						CreatedOnToolsVersion = 8.0;
						DevelopmentTeam = 5VCQ234QK3;
						DevelopmentTeamName = "Adrien Grandemange (Personal Team)";
						ProvisioningStyle = Automatic;
						TestTargetID = 7A0E3FAD1D4A0F320017A100;
					};
				};
			};
			buildConfigurationList = 7A0E3FA91D4A0F320017A100 /* Build configuration list for PBXProject "LBA2" */;
			compatibilityVersion = "Xcode 3.2";
			developmentRegion = English;
			hasScannedForEncodings = 0;
			knownRegions = (
				en,
				Base,
			);
			mainGroup = 7A0E3FA51D4A0F320017A100;
			productRefGroup = 7A0E3FAF1D4A0F320017A100 /* Products */;
			projectDirPath = "";
			projectRoot = "";
			targets = (
				7A0E3FAD1D4A0F320017A100 /* LBA2 */,
				7A0E3FC11D4A0F320017A100 /* LBA2Tests */,
				7A0E3FCC1D4A0F320017A100 /* LBA2UITests */,
			);
		};
/* End PBXProject section */

/* Begin PBXResourcesBuildPhase section */
		7A0E3FAC1D4A0F320017A100 /* Resources */ = {
			isa = PBXResourcesBuildPhase;
			buildActionMask = 2147483647;
			files = (
				7A085B031D4A50D200F5A583 /* Settings.bundle in Resources */,
				7A0E3FBC1D4A0F320017A100 /* LaunchScreen.storyboard in Resources */,
				7A0E3FB91D4A0F320017A100 /* Assets.xcassets in Resources */,
				7A0E3FB71D4A0F320017A100 /* Main.storyboard in Resources */,
			);
			runOnlyForDeploymentPostprocessing = 0;
		};
		7A0E3FC01D4A0F320017A100 /* Resources */ = {
			isa = PBXResourcesBuildPhase;
			buildActionMask = 2147483647;
			files = (
			);
			runOnlyForDeploymentPostprocessing = 0;
		};
		7A0E3FCB1D4A0F320017A100 /* Resources */ = {
			isa = PBXResourcesBuildPhase;
			buildActionMask = 2147483647;
			files = (
			);
			runOnlyForDeploymentPostprocessing = 0;
		};
/* End PBXResourcesBuildPhase section */

/* Begin PBXSourcesBuildPhase section */
		7A0E3FAA1D4A0F320017A100 /* Sources */ = {
			isa = PBXSourcesBuildPhase;
			buildActionMask = 2147483647;
			files = (
				7A0E3FB41D4A0F320017A100 /* ViewController.swift in Sources */,
				7A0E3FB21D4A0F320017A100 /* AppDelegate.swift in Sources */,
			);
			runOnlyForDeploymentPostprocessing = 0;
		};
		7A0E3FBE1D4A0F320017A100 /* Sources */ = {
			isa = PBXSourcesBuildPhase;
			buildActionMask = 2147483647;
			files = (
			);
			runOnlyForDeploymentPostprocessing = 0;
		};
		7A0E3FC91D4A0F320017A100 /* Sources */ = {
			isa = PBXSourcesBuildPhase;
			buildActionMask = 2147483647;
			files = (
			);
			runOnlyForDeploymentPostprocessing = 0;
		};
/* End PBXSourcesBuildPhase section */

/* Begin PBXTargetDependency section */
		7A0E3FC41D4A0F320017A100 /* PBXTargetDependency */ = {
			isa = PBXTargetDependency;
			target = 7A0E3FAD1D4A0F320017A100 /* LBA2 */;
			targetProxy = 7A0E3FC31D4A0F320017A100 /* PBXContainerItemProxy */;
		};
		7A0E3FCF1D4A0F320017A100 /* PBXTargetDependency */ = {
			isa = PBXTargetDependency;
			target = 7A0E3FAD1D4A0F320017A100 /* LBA2 */;
			targetProxy = 7A0E3FCE1D4A0F320017A100 /* PBXContainerItemProxy */;
		};
/* End PBXTargetDependency section */

/* Begin PBXVariantGroup section */
		7A0E3FB51D4A0F320017A100 /* Main.storyboard */ = {
			isa = PBXVariantGroup;
			children = (
				7A0E3FB61D4A0F320017A100 /* Base */,
			);
			name = Main.storyboard;
			sourceTree = "<group>";
		};
		7A0E3FBA1D4A0F320017A100 /* LaunchScreen.storyboard */ = {
			isa = PBXVariantGroup;
			children = (
				7A0E3FBB1D4A0F320017A100 /* Base */,
			);
			name = LaunchScreen.storyboard;
			sourceTree = "<group>";
		};
/* End PBXVariantGroup section */

/* Begin XCBuildConfiguration section */
		7A0E3FD41D4A0F320017A100 /* Debug */ = {
			isa = XCBuildConfiguration;
			buildSettings = {
				ALWAYS_SEARCH_USER_PATHS = NO;
				CLANG_ANALYZER_NONNULL = YES;
				CLANG_CXX_LANGUAGE_STANDARD = "gnu++0x";
				CLANG_CXX_LIBRARY = "libc++";
				CLANG_ENABLE_MODULES = YES;
				CLANG_ENABLE_OBJC_ARC = YES;
				CLANG_WARN_BOOL_CONVERSION = YES;
				CLANG_WARN_CONSTANT_CONVERSION = YES;
				CLANG_WARN_DIRECT_OBJC_ISA_USAGE = YES_ERROR;
				CLANG_WARN_DOCUMENTATION_COMMENTS = YES;
				CLANG_WARN_EMPTY_BODY = YES;
				CLANG_WARN_ENUM_CONVERSION = YES;
				CLANG_WARN_INT_CONVERSION = YES;
				CLANG_WARN_OBJC_ROOT_CLASS = YES_ERROR;
				CLANG_WARN_UNREACHABLE_CODE = YES;
				CLANG_WARN__DUPLICATE_METHOD_MATCH = YES;
				"CODE_SIGN_IDENTITY[sdk=iphoneos*]" = "iPhone Developer";
				COPY_PHASE_STRIP = NO;
				DEBUG_INFORMATION_FORMAT = dwarf;
				ENABLE_STRICT_OBJC_MSGSEND = YES;
				ENABLE_TESTABILITY = YES;
				GCC_C_LANGUAGE_STANDARD = gnu99;
				GCC_DYNAMIC_NO_PIC = NO;
				GCC_NO_COMMON_BLOCKS = YES;
				GCC_OPTIMIZATION_LEVEL = 0;
				GCC_PREPROCESSOR_DEFINITIONS = (
					"DEBUG=1",
					"$(inherited)",
				);
				GCC_WARN_64_TO_32_BIT_CONVERSION = YES;
				GCC_WARN_ABOUT_RETURN_TYPE = YES_ERROR;
				GCC_WARN_UNDECLARED_SELECTOR = YES;
				GCC_WARN_UNINITIALIZED_AUTOS = YES_AGGRESSIVE;
				GCC_WARN_UNUSED_FUNCTION = YES;
				GCC_WARN_UNUSED_VARIABLE = YES;
				IPHONEOS_DEPLOYMENT_TARGET = 10.0;
				MTL_ENABLE_DEBUG_INFO = YES;
				ONLY_ACTIVE_ARCH = YES;
				SDKROOT = iphoneos;
				SWIFT_ACTIVE_COMPILATION_CONDITIONS = DEBUG;
				SWIFT_OPTIMIZATION_LEVEL = "-Onone";
				TARGETED_DEVICE_FAMILY = "1,2";
			};
			name = Debug;
		};
		7A0E3FD51D4A0F320017A100 /* Release */ = {
			isa = XCBuildConfiguration;
			buildSettings = {
				ALWAYS_SEARCH_USER_PATHS = NO;
				CLANG_ANALYZER_NONNULL = YES;
				CLANG_CXX_LANGUAGE_STANDARD = "gnu++0x";
				CLANG_CXX_LIBRARY = "libc++";
				CLANG_ENABLE_MODULES = YES;
				CLANG_ENABLE_OBJC_ARC = YES;
				CLANG_WARN_BOOL_CONVERSION = YES;
				CLANG_WARN_CONSTANT_CONVERSION = YES;
				CLANG_WARN_DIRECT_OBJC_ISA_USAGE = YES_ERROR;
				CLANG_WARN_DOCUMENTATION_COMMENTS = YES;
				CLANG_WARN_EMPTY_BODY = YES;
				CLANG_WARN_ENUM_CONVERSION = YES;
				CLANG_WARN_INT_CONVERSION = YES;
				CLANG_WARN_OBJC_ROOT_CLASS = YES_ERROR;
				CLANG_WARN_UNREACHABLE_CODE = YES;
				CLANG_WARN__DUPLICATE_METHOD_MATCH = YES;
				"CODE_SIGN_IDENTITY[sdk=iphoneos*]" = "iPhone Developer";
				COPY_PHASE_STRIP = NO;
				DEBUG_INFORMATION_FORMAT = "dwarf-with-dsym";
				ENABLE_NS_ASSERTIONS = NO;
				ENABLE_STRICT_OBJC_MSGSEND = YES;
				GCC_C_LANGUAGE_STANDARD = gnu99;
				GCC_NO_COMMON_BLOCKS = YES;
				GCC_WARN_64_TO_32_BIT_CONVERSION = YES;
				GCC_WARN_ABOUT_RETURN_TYPE = YES_ERROR;
				GCC_WARN_UNDECLARED_SELECTOR = YES;
				GCC_WARN_UNINITIALIZED_AUTOS = YES_AGGRESSIVE;
				GCC_WARN_UNUSED_FUNCTION = YES;
				GCC_WARN_UNUSED_VARIABLE = YES;
				IPHONEOS_DEPLOYMENT_TARGET = 10.0;
				MTL_ENABLE_DEBUG_INFO = NO;
				SDKROOT = iphoneos;
				SWIFT_OPTIMIZATION_LEVEL = "-Owholemodule";
				TARGETED_DEVICE_FAMILY = "1,2";
				VALIDATE_PRODUCT = YES;
			};
			name = Release;
		};
		7A0E3FD71D4A0F320017A100 /* Debug */ = {
			isa = XCBuildConfiguration;
			buildSettings = {
				ASSETCATALOG_COMPILER_APPICON_NAME = AppIcon;
				INFOPLIST_FILE = LBA2/Info.plist;
				LD_RUNPATH_SEARCH_PATHS = "$(inherited) @executable_path/Frameworks";
				PRODUCT_BUNDLE_IDENTIFIER = fr.adriengrandemange.LBA2;
				PRODUCT_NAME = "$(TARGET_NAME)";
				SWIFT_VERSION = 3.0;
			};
			name = Debug;
		};
		7A0E3FD81D4A0F320017A100 /* Release */ = {
			isa = XCBuildConfiguration;
			buildSettings = {
				ASSETCATALOG_COMPILER_APPICON_NAME = AppIcon;
				INFOPLIST_FILE = LBA2/Info.plist;
				LD_RUNPATH_SEARCH_PATHS = "$(inherited) @executable_path/Frameworks";
				PRODUCT_BUNDLE_IDENTIFIER = fr.adriengrandemange.LBA2;
				PRODUCT_NAME = "$(TARGET_NAME)";
				SWIFT_VERSION = 3.0;
			};
			name = Release;
		};
		7A0E3FDA1D4A0F320017A100 /* Debug */ = {
			isa = XCBuildConfiguration;
			buildSettings = {
				BUNDLE_LOADER = "$(TEST_HOST)";
				INFOPLIST_FILE = LBA2Tests/Info.plist;
				LD_RUNPATH_SEARCH_PATHS = "$(inherited) @executable_path/Frameworks @loader_path/Frameworks";
				PRODUCT_BUNDLE_IDENTIFIER = fr.adriengrandemange.LBA2Tests;
				PRODUCT_NAME = "$(TARGET_NAME)";
				SWIFT_VERSION = 3.0;
				TEST_HOST = "$(BUILT_PRODUCTS_DIR)/LBA2.app/LBA2";
			};
			name = Debug;
		};
		7A0E3FDB1D4A0F320017A100 /* Release */ = {
			isa = XCBuildConfiguration;
			buildSettings = {
				BUNDLE_LOADER = "$(TEST_HOST)";
				INFOPLIST_FILE = LBA2Tests/Info.plist;
				LD_RUNPATH_SEARCH_PATHS = "$(inherited) @executable_path/Frameworks @loader_path/Frameworks";
				PRODUCT_BUNDLE_IDENTIFIER = fr.adriengrandemange.LBA2Tests;
				PRODUCT_NAME = "$(TARGET_NAME)";
				SWIFT_VERSION = 3.0;
				TEST_HOST = "$(BUILT_PRODUCTS_DIR)/LBA2.app/LBA2";
			};
			name = Release;
		};
		7A0E3FDD1D4A0F320017A100 /* Debug */ = {
			isa = XCBuildConfiguration;
			buildSettings = {
				INFOPLIST_FILE = LBA2UITests/Info.plist;
				LD_RUNPATH_SEARCH_PATHS = "$(inherited) @executable_path/Frameworks @loader_path/Frameworks";
				PRODUCT_BUNDLE_IDENTIFIER = fr.adriengrandemange.LBA2UITests;
				PRODUCT_NAME = "$(TARGET_NAME)";
				SWIFT_VERSION = 3.0;
				TEST_TARGET_NAME = LBA2;
			};
			name = Debug;
		};
		7A0E3FDE1D4A0F320017A100 /* Release */ = {
			isa = XCBuildConfiguration;
			buildSettings = {
				INFOPLIST_FILE = LBA2UITests/Info.plist;
				LD_RUNPATH_SEARCH_PATHS = "$(inherited) @executable_path/Frameworks @loader_path/Frameworks";
				PRODUCT_BUNDLE_IDENTIFIER = fr.adriengrandemange.LBA2UITests;
				PRODUCT_NAME = "$(TARGET_NAME)";
				SWIFT_VERSION = 3.0;
				TEST_TARGET_NAME = LBA2;
			};
			name = Release;
		};
/* End XCBuildConfiguration section */

/* Begin XCConfigurationList section */
		7A0E3FA91D4A0F320017A100 /* Build configuration list for PBXProject "LBA2" */ = {
			isa = XCConfigurationList;
			buildConfigurations = (
				7A0E3FD41D4A0F320017A100 /* Debug */,
				7A0E3FD51D4A0F320017A100 /* Release */,
			);
			defaultConfigurationIsVisible = 0;
			defaultConfigurationName = Release;
		};
		7A0E3FD61D4A0F320017A100 /* Build configuration list for PBXNativeTarget "LBA2" */ = {
			isa = XCConfigurationList;
			buildConfigurations = (
				7A0E3FD71D4A0F320017A100 /* Debug */,
				7A0E3FD81D4A0F320017A100 /* Release */,
			);
			defaultConfigurationIsVisible = 0;
			defaultConfigurationName = Release;
		};
		7A0E3FD91D4A0F320017A100 /* Build configuration list for PBXNativeTarget "LBA2Tests" */ = {
			isa = XCConfigurationList;
			buildConfigurations = (
				7A0E3FDA1D4A0F320017A100 /* Debug */,
				7A0E3FDB1D4A0F320017A100 /* Release */,
			);
			defaultConfigurationIsVisible = 0;
			defaultConfigurationName = Release;
		};
		7A0E3FDC1D4A0F320017A100 /* Build configuration list for PBXNativeTarget "LBA2UITests" */ = {
			isa = XCConfigurationList;
			buildConfigurations = (
				7A0E3FDD1D4A0F320017A100 /* Debug */,
				7A0E3FDE1D4A0F320017A100 /* Release */,
			);
			defaultConfigurationIsVisible = 0;
			defaultConfigurationName = Release;
		};
/* End XCConfigurationList section */
	};
	rootObject = 7A0E3FA61D4A0F320017A100 /* Project object */;
}
